
Microsoft Visual Studio Solution File, Format Version 12.00
# Visual Studio Version 16
VisualStudioVersion = 16.0.29009.5
MinimumVisualStudioVersion = 10.0.40219.1
Project("{2150E333-8FDC-42A3-9474-1A3956D46DE8}") = "Common", "Common", "{BFD974B6-51DB-4A07-806A-4425AACB09F7}"
EndProject
Project("{2150E333-8FDC-42A3-9474-1A3956D46DE8}") = "Service", "Service", "{82703612-7C75-49D3-B123-341858EDAD8A}"
EndProject
Project("{2150E333-8FDC-42A3-9474-1A3956D46DE8}") = "Ui", "Ui", "{D9B5B4C4-AB8A-4AFC-B0C8-3D65C8F05C6B}"
EndProject
Project("{2150E333-8FDC-42A3-9474-1A3956D46DE8}") = "Helpers", "Helpers", "{5FBABE42-2A6C-468F-9034-0CC8384E2F50}"
EndProject
Project("{9A19103F-16F7-4668-BE54-9A1E7A4F7556}") = "WebStore.Domain", "Common\WebStore.Domain\WebStore.Domain.csproj", "{73569F7E-8636-454E-898E-E7853B1D4DE9}"
EndProject
Project("{9A19103F-16F7-4668-BE54-9A1E7A4F7556}") = "WebStore.Interfaces", "Common\WebStore.Interfaces\WebStore.Interfaces.csproj", "{2BA1268E-966B-40EB-96B5-8823BCEABDF1}"
EndProject
Project("{9A19103F-16F7-4668-BE54-9A1E7A4F7556}") = "WebStore.Helpers", "Helpers\WebStore.Helpers\WebStore.Helpers.csproj", "{9AE4C20D-3CF4-4218-9145-8BB9856282FC}"
EndProject
Project("{9A19103F-16F7-4668-BE54-9A1E7A4F7556}") = "WebStore.Dal", "Service\WebStore.Dal\WebStore.Dal.csproj", "{9D841932-9F11-4915-9765-A62DC56D7AC5}"
EndProject
Project("{9A19103F-16F7-4668-BE54-9A1E7A4F7556}") = "WebStore.Implementation", "Service\WebStore.Implementation\WebStore.Implementation.csproj", "{0C6D2EB5-3710-45E0-ADE3-4D61D86D5269}"
EndProject
Project("{9A19103F-16F7-4668-BE54-9A1E7A4F7556}") = "WebStore", "Ui\WEbStore\WebStore.csproj", "{D7C41A76-7928-4BB3-8FBF-239F44066BE8}"
EndProject
Global
	GlobalSection(SolutionConfigurationPlatforms) = preSolution
		Debug|Any CPU = Debug|Any CPU
		Release|Any CPU = Release|Any CPU
	EndGlobalSection
	GlobalSection(ProjectConfigurationPlatforms) = postSolution
		{73569F7E-8636-454E-898E-E7853B1D4DE9}.Debug|Any CPU.ActiveCfg = Debug|Any CPU
		{73569F7E-8636-454E-898E-E7853B1D4DE9}.Debug|Any CPU.Build.0 = Debug|Any CPU
		{73569F7E-8636-454E-898E-E7853B1D4DE9}.Release|Any CPU.ActiveCfg = Release|Any CPU
		{73569F7E-8636-454E-898E-E7853B1D4DE9}.Release|Any CPU.Build.0 = Release|Any CPU
		{2BA1268E-966B-40EB-96B5-8823BCEABDF1}.Debug|Any CPU.ActiveCfg = Debug|Any CPU
		{2BA1268E-966B-40EB-96B5-8823BCEABDF1}.Debug|Any CPU.Build.0 = Debug|Any CPU
		{2BA1268E-966B-40EB-96B5-8823BCEABDF1}.Release|Any CPU.ActiveCfg = Release|Any CPU
		{2BA1268E-966B-40EB-96B5-8823BCEABDF1}.Release|Any CPU.Build.0 = Release|Any CPU
		{9AE4C20D-3CF4-4218-9145-8BB9856282FC}.Debug|Any CPU.ActiveCfg = Debug|Any CPU
		{9AE4C20D-3CF4-4218-9145-8BB9856282FC}.Debug|Any CPU.Build.0 = Debug|Any CPU
		{9AE4C20D-3CF4-4218-9145-8BB9856282FC}.Release|Any CPU.ActiveCfg = Release|Any CPU
		{9AE4C20D-3CF4-4218-9145-8BB9856282FC}.Release|Any CPU.Build.0 = Release|Any CPU
		{9D841932-9F11-4915-9765-A62DC56D7AC5}.Debug|Any CPU.ActiveCfg = Debug|Any CPU
		{9D841932-9F11-4915-9765-A62DC56D7AC5}.Debug|Any CPU.Build.0 = Debug|Any CPU
		{9D841932-9F11-4915-9765-A62DC56D7AC5}.Release|Any CPU.ActiveCfg = Release|Any CPU
		{9D841932-9F11-4915-9765-A62DC56D7AC5}.Release|Any CPU.Build.0 = Release|Any CPU
		{0C6D2EB5-3710-45E0-ADE3-4D61D86D5269}.Debug|Any CPU.ActiveCfg = Debug|Any CPU
		{0C6D2EB5-3710-45E0-ADE3-4D61D86D5269}.Debug|Any CPU.Build.0 = Debug|Any CPU
		{0C6D2EB5-3710-45E0-ADE3-4D61D86D5269}.Release|Any CPU.ActiveCfg = Release|Any CPU
		{0C6D2EB5-3710-45E0-ADE3-4D61D86D5269}.Release|Any CPU.Build.0 = Release|Any CPU
		{D7C41A76-7928-4BB3-8FBF-239F44066BE8}.Debug|Any CPU.ActiveCfg = Debug|Any CPU
		{D7C41A76-7928-4BB3-8FBF-239F44066BE8}.Debug|Any CPU.Build.0 = Debug|Any CPU
		{D7C41A76-7928-4BB3-8FBF-239F44066BE8}.Release|Any CPU.ActiveCfg = Release|Any CPU
		{D7C41A76-7928-4BB3-8FBF-239F44066BE8}.Release|Any CPU.Build.0 = Release|Any CPU
	EndGlobalSection
	GlobalSection(SolutionProperties) = preSolution
		HideSolutionNode = FALSE
	EndGlobalSection
	GlobalSection(NestedProjects) = preSolution
		{73569F7E-8636-454E-898E-E7853B1D4DE9} = {BFD974B6-51DB-4A07-806A-4425AACB09F7}
		{2BA1268E-966B-40EB-96B5-8823BCEABDF1} = {BFD974B6-51DB-4A07-806A-4425AACB09F7}
		{9AE4C20D-3CF4-4218-9145-8BB9856282FC} = {5FBABE42-2A6C-468F-9034-0CC8384E2F50}
		{9D841932-9F11-4915-9765-A62DC56D7AC5} = {82703612-7C75-49D3-B123-341858EDAD8A}
		{0C6D2EB5-3710-45E0-ADE3-4D61D86D5269} = {82703612-7C75-49D3-B123-341858EDAD8A}
		{D7C41A76-7928-4BB3-8FBF-239F44066BE8} = {D9B5B4C4-AB8A-4AFC-B0C8-3D65C8F05C6B}
	EndGlobalSection
	GlobalSection(ExtensibilityGlobals) = postSolution
		SolutionGuid = {B3048EE5-CD66-4CA8-B094-9B8AFA1DB774}
	EndGlobalSection
EndGlobal
