
Microsoft Visual Studio Solution File, Format Version 12.00
# Visual Studio 15
VisualStudioVersion = 15.0.27130.2027
MinimumVisualStudioVersion = 10.0.40219.1
Project("{9A19103F-16F7-4668-BE54-9A1E7A4F7556}") = "WebStore", "WEbStore\WebStore.csproj", "{192C2E53-E5CC-426C-9790-35F6798032A3}"
EndProject
Project("{9A19103F-16F7-4668-BE54-9A1E7A4F7556}") = "WebStore.Domain", "WebStore.Domain\WebStore.Domain.csproj", "{CDED3EDF-81A0-4C41-9392-B8F880B15AE7}"
EndProject
Project("{9A19103F-16F7-4668-BE54-9A1E7A4F7556}") = "WebStore.Dal", "WebStore.Dal\WebStore.Dal.csproj", "{7B1135B4-2F51-4E7D-BBDC-FA00DD6D7DD4}"
EndProject
Project("{FAE04EC0-301F-11D3-BF4B-00C04F79EFBC}") = "WebStore.Implementation", "WebStore.Implementation\WebStore.Implementation.csproj", "{83BB4B9D-D1B8-445A-BD67-A0FBD7EA1FF4}"
EndProject
Project("{FAE04EC0-301F-11D3-BF4B-00C04F79EFBC}") = "WebStore.Interfaces", "WebStore.Interfaces\WebStore.Interfaces.csproj", "{6BDA21DC-8005-4A06-801A-DED9BB0BA848}"
EndProject
Project("{FAE04EC0-301F-11D3-BF4B-00C04F79EFBC}") = "WebStore.TestProject", "WebStore.TestProject\WebStore.TestProject.csproj", "{D33EC4FD-1AD9-4049-A67D-D1DAE7A8886A}"
EndProject
Global
	GlobalSection(SolutionConfigurationPlatforms) = preSolution
		Debug|Any CPU = Debug|Any CPU
		Release|Any CPU = Release|Any CPU
	EndGlobalSection
	GlobalSection(ProjectConfigurationPlatforms) = postSolution
		{192C2E53-E5CC-426C-9790-35F6798032A3}.Debug|Any CPU.ActiveCfg = Debug|Any CPU
		{192C2E53-E5CC-426C-9790-35F6798032A3}.Debug|Any CPU.Build.0 = Debug|Any CPU
		{192C2E53-E5CC-426C-9790-35F6798032A3}.Release|Any CPU.ActiveCfg = Release|Any CPU
		{192C2E53-E5CC-426C-9790-35F6798032A3}.Release|Any CPU.Build.0 = Release|Any CPU
		{CDED3EDF-81A0-4C41-9392-B8F880B15AE7}.Debug|Any CPU.ActiveCfg = Debug|Any CPU
		{CDED3EDF-81A0-4C41-9392-B8F880B15AE7}.Debug|Any CPU.Build.0 = Debug|Any CPU
		{CDED3EDF-81A0-4C41-9392-B8F880B15AE7}.Release|Any CPU.ActiveCfg = Release|Any CPU
		{CDED3EDF-81A0-4C41-9392-B8F880B15AE7}.Release|Any CPU.Build.0 = Release|Any CPU
		{7B1135B4-2F51-4E7D-BBDC-FA00DD6D7DD4}.Debug|Any CPU.ActiveCfg = Debug|Any CPU
		{7B1135B4-2F51-4E7D-BBDC-FA00DD6D7DD4}.Debug|Any CPU.Build.0 = Debug|Any CPU
		{7B1135B4-2F51-4E7D-BBDC-FA00DD6D7DD4}.Release|Any CPU.ActiveCfg = Release|Any CPU
		{7B1135B4-2F51-4E7D-BBDC-FA00DD6D7DD4}.Release|Any CPU.Build.0 = Release|Any CPU
		{83BB4B9D-D1B8-445A-BD67-A0FBD7EA1FF4}.Debug|Any CPU.ActiveCfg = Debug|Any CPU
		{83BB4B9D-D1B8-445A-BD67-A0FBD7EA1FF4}.Debug|Any CPU.Build.0 = Debug|Any CPU
		{83BB4B9D-D1B8-445A-BD67-A0FBD7EA1FF4}.Release|Any CPU.ActiveCfg = Release|Any CPU
		{83BB4B9D-D1B8-445A-BD67-A0FBD7EA1FF4}.Release|Any CPU.Build.0 = Release|Any CPU
		{6BDA21DC-8005-4A06-801A-DED9BB0BA848}.Debug|Any CPU.ActiveCfg = Debug|Any CPU
		{6BDA21DC-8005-4A06-801A-DED9BB0BA848}.Debug|Any CPU.Build.0 = Debug|Any CPU
		{6BDA21DC-8005-4A06-801A-DED9BB0BA848}.Release|Any CPU.ActiveCfg = Release|Any CPU
		{6BDA21DC-8005-4A06-801A-DED9BB0BA848}.Release|Any CPU.Build.0 = Release|Any CPU
		{D33EC4FD-1AD9-4049-A67D-D1DAE7A8886A}.Debug|Any CPU.ActiveCfg = Debug|Any CPU
		{D33EC4FD-1AD9-4049-A67D-D1DAE7A8886A}.Debug|Any CPU.Build.0 = Debug|Any CPU
		{D33EC4FD-1AD9-4049-A67D-D1DAE7A8886A}.Release|Any CPU.ActiveCfg = Release|Any CPU
		{D33EC4FD-1AD9-4049-A67D-D1DAE7A8886A}.Release|Any CPU.Build.0 = Release|Any CPU
	EndGlobalSection
	GlobalSection(SolutionProperties) = preSolution
		HideSolutionNode = FALSE
	EndGlobalSection
	GlobalSection(ExtensibilityGlobals) = postSolution
		SolutionGuid = {B3048EE5-CD66-4CA8-B094-9B8AFA1DB774}
	EndGlobalSection
EndGlobal
